{
  "name": "loyalty-automation",
  "version": "1.0.0",
  "lockfileVersion": 1,
  "requires": true,
  "dependencies": {
    "eve": {
      "version": "0.5.4",
      "resolved": "https://registry.npmjs.org/eve/-/eve-0.5.4.tgz",
      "integrity": "sha1-Z9CAuXJSkdfjieNMJoYN2X8d66o="
    },
    "frappe-gantt": {
      "version": "0.0.7",
      "resolved": "https://registry.npmjs.org/frappe-gantt/-/frappe-gantt-0.0.7.tgz",
      "integrity": "sha1-etv2uoMH5iU13e8jrr6wLBKOVDo=",
      "requires": {
        "moment": "2.20.1",
        "snapsvg": "0.4.0"
      },
      "dependencies": {
        "eve": {
          "version": "0.4.2",
          "resolved": "https://registry.npmjs.org/eve/-/eve-0.4.2.tgz",
          "integrity": "sha1-fuoK/A5O+3yTZWFTFaNXaDPq0q4="
        },
        "snapsvg": {
          "version": "0.4.0",
          "resolved": "https://registry.npmjs.org/snapsvg/-/snapsvg-0.4.0.tgz",
          "integrity": "sha1-4HZwFBZ4JZV95+ElwpsPqJeW6gM=",
          "requires": {
            "eve": "0.4.2"
          }
        }
      }
    },
    "git-last-commit": {
      "version": "0.3.0",
      "resolved": "https://registry.npmjs.org/git-last-commit/-/git-last-commit-0.3.0.tgz",
      "integrity": "sha1-zHcBrcYpt0f9OzOuXddTp0as6d8="
    },
    "moment": {
      "version": "2.20.1",
      "resolved": "https://registry.npmjs.org/moment/-/moment-2.20.1.tgz",
      "integrity": "sha512-Yh9y73JRljxW5QxN08Fner68eFLxM5ynNOAw2LbIB1YAGeQzZT8QFSUvkAz609Zf+IHhhaUxqZK8dG3W/+HEvg=="
    },
    "nodemailer": {
      "version": "4.4.1",
      "resolved": "https://registry.npmjs.org/nodemailer/-/nodemailer-4.4.1.tgz",
      "integrity": "sha512-1bnszJJXatcHJhLpxQ1XMkLDjCjPKvGKMtRQ73FOsoNln3UQjddEQmz6fAwM3aj0GtQ3dQX9qtMHPelz63GU7A=="
    },
    "snapsvg": {
      "version": "0.5.1",
      "resolved": "https://registry.npmjs.org/snapsvg/-/snapsvg-0.5.1.tgz",
      "integrity": "sha1-DK9Sx5GJopB0b8RGzF6GP2vd3+M=",
      "requires": {
        "eve": "0.5.4"
      }
    }
  }
}
